
Microsoft Visual Studio Solution File, Format Version 12.00
# Visual Studio Version 17
VisualStudioVersion = 17.0.31903.59
MinimumVisualStudioVersion = 10.0.40219.1
Project("{2150E333-8FDC-42A3-9474-1A3956D46DE8}") = "spikes", "spikes", "{6B10242B-5617-4D10-8710-14F7FD8C2A2B}"
EndProject
Project("{FAE04EC0-301F-11D3-BF4B-00C04F79EFBC}") = "Spike.Smtc", "spikes\Spike.Smtc\Spike.Smtc.csproj", "{767ED419-F293-4407-86F6-A8071FE9B5F1}"
EndProject
Project("{FAE04EC0-301F-11D3-BF4B-00C04F79EFBC}") = "Spike.Overlay", "spikes\Spike.Overlay\Spike.Overlay.csproj", "{470058C6-D42F-448D-8B07-47E5C2A8BB94}"
EndProject
Project("{2150E333-8FDC-42A3-9474-1A3956D46DE8}") = "src", "src", "{E2C96785-55D1-4839-885C-8AD7B97977B4}"
EndProject
Project("{FAE04EC0-301F-11D3-BF4B-00C04F79EFBC}") = "Musebase.Core", "src\Musebase.Core\Musebase.Core.csproj", "{EBA62818-6D55-41A4-BC8C-D1D812800348}"
EndProject
Project("{2150E333-8FDC-42A3-9474-1A3956D46DE8}") = "tests", "tests", "{67F59025-FE01-4E80-8910-F4270783EC72}"
EndProject
Project("{FAE04EC0-301F-11D3-BF4B-00C04F79EFBC}") = "Musebase.Core.Tests", "tests\Musebase.Core.Tests\Musebase.Core.Tests.csproj", "{F6FB43E9-47D1-4DA7-BDCD-C4C2A4A3A509}"
EndProject
Project("{FAE04EC0-301F-11D3-BF4B-00C04F79EFBC}") = "Spike.Search", "spikes\Spike.Search\Spike.Search.csproj", "{DACF699E-7AA1-4E83-B5B8-B437B0A25FFE}"
EndProject
Project("{FAE04EC0-301F-11D3-BF4B-00C04F79EFBC}") = "Musebase.Windows", "src\Musebase.Windows\Musebase.Windows.csproj", "{AB71719D-EE08-40E4-B14C-06E7479FF208}"
EndProject
Project("{FAE04EC0-301F-11D3-BF4B-00C04F79EFBC}") = "Musebase.Engine", "src\Musebase.Engine\Musebase.Engine.csproj", "{F5BE32CA-78FF-4CE1-B073-5885C21C855C}"
EndProject
Global
	GlobalSection(SolutionConfigurationPlatforms) = preSolution
		Debug|Any CPU = Debug|Any CPU
		Release|Any CPU = Release|Any CPU
	EndGlobalSection
	GlobalSection(SolutionProperties) = preSolution
		HideSolutionNode = FALSE
	EndGlobalSection
	GlobalSection(ProjectConfigurationPlatforms) = postSolution
		{767ED419-F293-4407-86F6-A8071FE9B5F1}.Debug|Any CPU.ActiveCfg = Debug|Any CPU
		{767ED419-F293-4407-86F6-A8071FE9B5F1}.Debug|Any CPU.Build.0 = Debug|Any CPU
		{767ED419-F293-4407-86F6-A8071FE9B5F1}.Release|Any CPU.ActiveCfg = Release|Any CPU
		{767ED419-F293-4407-86F6-A8071FE9B5F1}.Release|Any CPU.Build.0 = Release|Any CPU
		{470058C6-D42F-448D-8B07-47E5C2A8BB94}.Debug|Any CPU.ActiveCfg = Debug|Any CPU
		{470058C6-D42F-448D-8B07-47E5C2A8BB94}.Debug|Any CPU.Build.0 = Debug|Any CPU
		{470058C6-D42F-448D-8B07-47E5C2A8BB94}.Release|Any CPU.ActiveCfg = Release|Any CPU
		{470058C6-D42F-448D-8B07-47E5C2A8BB94}.Release|Any CPU.Build.0 = Release|Any CPU
		{EBA62818-6D55-41A4-BC8C-D1D812800348}.Debug|Any CPU.ActiveCfg = Debug|Any CPU
		{EBA62818-6D55-41A4-BC8C-D1D812800348}.Debug|Any CPU.Build.0 = Debug|Any CPU
		{EBA62818-6D55-41A4-BC8C-D1D812800348}.Release|Any CPU.ActiveCfg = Release|Any CPU
		{EBA62818-6D55-41A4-BC8C-D1D812800348}.Release|Any CPU.Build.0 = Release|Any CPU
		{F6FB43E9-47D1-4DA7-BDCD-C4C2A4A3A509}.Debug|Any CPU.ActiveCfg = Debug|Any CPU
		{F6FB43E9-47D1-4DA7-BDCD-C4C2A4A3A509}.Debug|Any CPU.Build.0 = Debug|Any CPU
		{F6FB43E9-47D1-4DA7-BDCD-C4C2A4A3A509}.Release|Any CPU.ActiveCfg = Release|Any CPU
		{F6FB43E9-47D1-4DA7-BDCD-C4C2A4A3A509}.Release|Any CPU.Build.0 = Release|Any CPU
		{DACF699E-7AA1-4E83-B5B8-B437B0A25FFE}.Debug|Any CPU.ActiveCfg = Debug|Any CPU
		{DACF699E-7AA1-4E83-B5B8-B437B0A25FFE}.Debug|Any CPU.Build.0 = Debug|Any CPU
		{DACF699E-7AA1-4E83-B5B8-B437B0A25FFE}.Release|Any CPU.ActiveCfg = Release|Any CPU
		{DACF699E-7AA1-4E83-B5B8-B437B0A25FFE}.Release|Any CPU.Build.0 = Release|Any CPU
		{AB71719D-EE08-40E4-B14C-06E7479FF208}.Debug|Any CPU.ActiveCfg = Debug|Any CPU
		{AB71719D-EE08-40E4-B14C-06E7479FF208}.Debug|Any CPU.Build.0 = Debug|Any CPU
		{AB71719D-EE08-40E4-B14C-06E7479FF208}.Release|Any CPU.ActiveCfg = Release|Any CPU
		{AB71719D-EE08-40E4-B14C-06E7479FF208}.Release|Any CPU.Build.0 = Release|Any CPU
		{F5BE32CA-78FF-4CE1-B073-5885C21C855C}.Debug|Any CPU.ActiveCfg = Debug|Any CPU
		{F5BE32CA-78FF-4CE1-B073-5885C21C855C}.Debug|Any CPU.Build.0 = Debug|Any CPU
		{F5BE32CA-78FF-4CE1-B073-5885C21C855C}.Release|Any CPU.ActiveCfg = Release|Any CPU
		{F5BE32CA-78FF-4CE1-B073-5885C21C855C}.Release|Any CPU.Build.0 = Release|Any CPU
	EndGlobalSection
	GlobalSection(NestedProjects) = preSolution
		{767ED419-F293-4407-86F6-A8071FE9B5F1} = {6B10242B-5617-4D10-8710-14F7FD8C2A2B}
		{470058C6-D42F-448D-8B07-47E5C2A8BB94} = {6B10242B-5617-4D10-8710-14F7FD8C2A2B}
		{EBA62818-6D55-41A4-BC8C-D1D812800348} = {E2C96785-55D1-4839-885C-8AD7B97977B4}
		{F6FB43E9-47D1-4DA7-BDCD-C4C2A4A3A509} = {67F59025-FE01-4E80-8910-F4270783EC72}
		{DACF699E-7AA1-4E83-B5B8-B437B0A25FFE} = {6B10242B-5617-4D10-8710-14F7FD8C2A2B}
		{AB71719D-EE08-40E4-B14C-06E7479FF208} = {E2C96785-55D1-4839-885C-8AD7B97977B4}
		{F5BE32CA-78FF-4CE1-B073-5885C21C855C} = {E2C96785-55D1-4839-885C-8AD7B97977B4}
	EndGlobalSection
EndGlobal
